
Microsoft Visual Studio Solution File, Format Version 12.00
# Visual Studio Version 17
VisualStudioVersion = 17.0.31903.59
MinimumVisualStudioVersion = 10.0.40219.1
Project("{FAE04EC0-301F-11D3-BF4B-00C04F79EFBC}") = "LeanProd.Api", "LeanProd.Api\LeanProd.Api.csproj", "{934F7D08-E135-4933-A0D0-16605C47DD47}"
EndProject
Project("{FAE04EC0-301F-11D3-BF4B-00C04F79EFBC}") = "LeanProd.Domain", "LeanProd.Domain\LeanProd.Domain.csproj", "{40FA4403-A262-4B22-9045-6EA5A9C50713}"
EndProject
Project("{FAE04EC0-301F-11D3-BF4B-00C04F79EFBC}") = "LeanProd.Application", "LeanProd.Application\LeanProd.Application.csproj", "{C52B1A07-14D1-4BE1-9A26-B599B821AFD5}"
EndProject
Project("{FAE04EC0-301F-11D3-BF4B-00C04F79EFBC}") = "LeanProd.Infrastructure", "LeanProd.Infrastructure\LeanProd.Infrastructure.csproj", "{EAA1979C-2929-40F3-BB38-E55A135708EE}"
EndProject
Project("{2150E333-8FDC-42A3-9474-1A3956D46DE8}") = "tests", "tests", "{0AB3BF05-4346-4AA6-1389-037BE0695223}"
EndProject
Project("{FAE04EC0-301F-11D3-BF4B-00C04F79EFBC}") = "LeanProd.Api.IntegrationTests", "tests\LeanProd.Api.IntegrationTests\LeanProd.Api.IntegrationTests.csproj", "{11B36E74-30AE-49F0-A29E-A667810BB263}"
EndProject
Project("{FAE04EC0-301F-11D3-BF4B-00C04F79EFBC}") = "LeanProd.Domain.UnitTests", "tests\LeanProd.Domain.UnitTests\LeanProd.Domain.UnitTests.csproj", "{6D8DC850-DB26-41E0-85C2-AC27E282D816}"
EndProject
Project("{2150E333-8FDC-42A3-9474-1A3956D46DE8}") = "tools", "tools", "{0824E597-F35E-4065-8941-BC0BF4A26485}"
EndProject
Project("{FAE04EC0-301F-11D3-BF4B-00C04F79EFBC}") = "LeanProd.IdentityMigration", "tools\LeanProd.IdentityMigration\LeanProd.IdentityMigration.csproj", "{2AE0EBA8-F6A1-4A16-A703-AADABEE00953}"
EndProject
Global
	GlobalSection(SolutionConfigurationPlatforms) = preSolution
		Debug|Any CPU = Debug|Any CPU
		Debug|x64 = Debug|x64
		Debug|x86 = Debug|x86
		Release|Any CPU = Release|Any CPU
		Release|x64 = Release|x64
		Release|x86 = Release|x86
	EndGlobalSection
	GlobalSection(ProjectConfigurationPlatforms) = postSolution
		{934F7D08-E135-4933-A0D0-16605C47DD47}.Debug|Any CPU.ActiveCfg = Debug|Any CPU
		{934F7D08-E135-4933-A0D0-16605C47DD47}.Debug|Any CPU.Build.0 = Debug|Any CPU
		{934F7D08-E135-4933-A0D0-16605C47DD47}.Debug|x64.ActiveCfg = Debug|Any CPU
		{934F7D08-E135-4933-A0D0-16605C47DD47}.Debug|x64.Build.0 = Debug|Any CPU
		{934F7D08-E135-4933-A0D0-16605C47DD47}.Debug|x86.ActiveCfg = Debug|Any CPU
		{934F7D08-E135-4933-A0D0-16605C47DD47}.Debug|x86.Build.0 = Debug|Any CPU
		{934F7D08-E135-4933-A0D0-16605C47DD47}.Release|Any CPU.ActiveCfg = Release|Any CPU
		{934F7D08-E135-4933-A0D0-16605C47DD47}.Release|Any CPU.Build.0 = Release|Any CPU
		{934F7D08-E135-4933-A0D0-16605C47DD47}.Release|x64.ActiveCfg = Release|Any CPU
		{934F7D08-E135-4933-A0D0-16605C47DD47}.Release|x64.Build.0 = Release|Any CPU
		{934F7D08-E135-4933-A0D0-16605C47DD47}.Release|x86.ActiveCfg = Release|Any CPU
		{934F7D08-E135-4933-A0D0-16605C47DD47}.Release|x86.Build.0 = Release|Any CPU
		{40FA4403-A262-4B22-9045-6EA5A9C50713}.Debug|Any CPU.ActiveCfg = Debug|Any CPU
		{40FA4403-A262-4B22-9045-6EA5A9C50713}.Debug|Any CPU.Build.0 = Debug|Any CPU
		{40FA4403-A262-4B22-9045-6EA5A9C50713}.Debug|x64.ActiveCfg = Debug|Any CPU
		{40FA4403-A262-4B22-9045-6EA5A9C50713}.Debug|x64.Build.0 = Debug|Any CPU
		{40FA4403-A262-4B22-9045-6EA5A9C50713}.Debug|x86.ActiveCfg = Debug|Any CPU
		{40FA4403-A262-4B22-9045-6EA5A9C50713}.Debug|x86.Build.0 = Debug|Any CPU
		{40FA4403-A262-4B22-9045-6EA5A9C50713}.Release|Any CPU.ActiveCfg = Release|Any CPU
		{40FA4403-A262-4B22-9045-6EA5A9C50713}.Release|Any CPU.Build.0 = Release|Any CPU
		{40FA4403-A262-4B22-9045-6EA5A9C50713}.Release|x64.ActiveCfg = Release|Any CPU
		{40FA4403-A262-4B22-9045-6EA5A9C50713}.Release|x64.Build.0 = Release|Any CPU
		{40FA4403-A262-4B22-9045-6EA5A9C50713}.Release|x86.ActiveCfg = Release|Any CPU
		{40FA4403-A262-4B22-9045-6EA5A9C50713}.Release|x86.Build.0 = Release|Any CPU
		{C52B1A07-14D1-4BE1-9A26-B599B821AFD5}.Debug|Any CPU.ActiveCfg = Debug|Any CPU
		{C52B1A07-14D1-4BE1-9A26-B599B821AFD5}.Debug|Any CPU.Build.0 = Debug|Any CPU
		{C52B1A07-14D1-4BE1-9A26-B599B821AFD5}.Debug|x64.ActiveCfg = Debug|Any CPU
		{C52B1A07-14D1-4BE1-9A26-B599B821AFD5}.Debug|x64.Build.0 = Debug|Any CPU
		{C52B1A07-14D1-4BE1-9A26-B599B821AFD5}.Debug|x86.ActiveCfg = Debug|Any CPU
		{C52B1A07-14D1-4BE1-9A26-B599B821AFD5}.Debug|x86.Build.0 = Debug|Any CPU
		{C52B1A07-14D1-4BE1-9A26-B599B821AFD5}.Release|Any CPU.ActiveCfg = Release|Any CPU
		{C52B1A07-14D1-4BE1-9A26-B599B821AFD5}.Release|Any CPU.Build.0 = Release|Any CPU
		{C52B1A07-14D1-4BE1-9A26-B599B821AFD5}.Release|x64.ActiveCfg = Release|Any CPU
		{C52B1A07-14D1-4BE1-9A26-B599B821AFD5}.Release|x64.Build.0 = Release|Any CPU
		{C52B1A07-14D1-4BE1-9A26-B599B821AFD5}.Release|x86.ActiveCfg = Release|Any CPU
		{C52B1A07-14D1-4BE1-9A26-B599B821AFD5}.Release|x86.Build.0 = Release|Any CPU
		{EAA1979C-2929-40F3-BB38-E55A135708EE}.Debug|Any CPU.ActiveCfg = Debug|Any CPU
		{EAA1979C-2929-40F3-BB38-E55A135708EE}.Debug|Any CPU.Build.0 = Debug|Any CPU
		{EAA1979C-2929-40F3-BB38-E55A135708EE}.Debug|x64.ActiveCfg = Debug|Any CPU
		{EAA1979C-2929-40F3-BB38-E55A135708EE}.Debug|x64.Build.0 = Debug|Any CPU
		{EAA1979C-2929-40F3-BB38-E55A135708EE}.Debug|x86.ActiveCfg = Debug|Any CPU
		{EAA1979C-2929-40F3-BB38-E55A135708EE}.Debug|x86.Build.0 = Debug|Any CPU
		{EAA1979C-2929-40F3-BB38-E55A135708EE}.Release|Any CPU.ActiveCfg = Release|Any CPU
		{EAA1979C-2929-40F3-BB38-E55A135708EE}.Release|Any CPU.Build.0 = Release|Any CPU
		{EAA1979C-2929-40F3-BB38-E55A135708EE}.Release|x64.ActiveCfg = Release|Any CPU
		{EAA1979C-2929-40F3-BB38-E55A135708EE}.Release|x64.Build.0 = Release|Any CPU
		{EAA1979C-2929-40F3-BB38-E55A135708EE}.Release|x86.ActiveCfg = Release|Any CPU
		{EAA1979C-2929-40F3-BB38-E55A135708EE}.Release|x86.Build.0 = Release|Any CPU
		{11B36E74-30AE-49F0-A29E-A667810BB263}.Debug|Any CPU.ActiveCfg = Debug|Any CPU
		{11B36E74-30AE-49F0-A29E-A667810BB263}.Debug|Any CPU.Build.0 = Debug|Any CPU
		{11B36E74-30AE-49F0-A29E-A667810BB263}.Debug|x64.ActiveCfg = Debug|Any CPU
		{11B36E74-30AE-49F0-A29E-A667810BB263}.Debug|x64.Build.0 = Debug|Any CPU
		{11B36E74-30AE-49F0-A29E-A667810BB263}.Debug|x86.ActiveCfg = Debug|Any CPU
		{11B36E74-30AE-49F0-A29E-A667810BB263}.Debug|x86.Build.0 = Debug|Any CPU
		{11B36E74-30AE-49F0-A29E-A667810BB263}.Release|Any CPU.ActiveCfg = Release|Any CPU
		{11B36E74-30AE-49F0-A29E-A667810BB263}.Release|Any CPU.Build.0 = Release|Any CPU
		{11B36E74-30AE-49F0-A29E-A667810BB263}.Release|x64.ActiveCfg = Release|Any CPU
		{11B36E74-30AE-49F0-A29E-A667810BB263}.Release|x64.Build.0 = Release|Any CPU
		{11B36E74-30AE-49F0-A29E-A667810BB263}.Release|x86.ActiveCfg = Release|Any CPU
		{11B36E74-30AE-49F0-A29E-A667810BB263}.Release|x86.Build.0 = Release|Any CPU
		{6D8DC850-DB26-41E0-85C2-AC27E282D816}.Debug|Any CPU.ActiveCfg = Debug|Any CPU
		{6D8DC850-DB26-41E0-85C2-AC27E282D816}.Debug|Any CPU.Build.0 = Debug|Any CPU
		{6D8DC850-DB26-41E0-85C2-AC27E282D816}.Debug|x64.ActiveCfg = Debug|Any CPU
		{6D8DC850-DB26-41E0-85C2-AC27E282D816}.Debug|x64.Build.0 = Debug|Any CPU
		{6D8DC850-DB26-41E0-85C2-AC27E282D816}.Debug|x86.ActiveCfg = Debug|Any CPU
		{6D8DC850-DB26-41E0-85C2-AC27E282D816}.Debug|x86.Build.0 = Debug|Any CPU
		{6D8DC850-DB26-41E0-85C2-AC27E282D816}.Release|Any CPU.ActiveCfg = Release|Any CPU
		{6D8DC850-DB26-41E0-85C2-AC27E282D816}.Release|Any CPU.Build.0 = Release|Any CPU
		{6D8DC850-DB26-41E0-85C2-AC27E282D816}.Release|x64.ActiveCfg = Release|Any CPU
		{6D8DC850-DB26-41E0-85C2-AC27E282D816}.Release|x64.Build.0 = Release|Any CPU
		{6D8DC850-DB26-41E0-85C2-AC27E282D816}.Release|x86.ActiveCfg = Release|Any CPU
		{6D8DC850-DB26-41E0-85C2-AC27E282D816}.Release|x86.Build.0 = Release|Any CPU
		{2AE0EBA8-F6A1-4A16-A703-AADABEE00953}.Debug|Any CPU.ActiveCfg = Debug|Any CPU
		{2AE0EBA8-F6A1-4A16-A703-AADABEE00953}.Debug|Any CPU.Build.0 = Debug|Any CPU
		{2AE0EBA8-F6A1-4A16-A703-AADABEE00953}.Debug|x64.ActiveCfg = Debug|Any CPU
		{2AE0EBA8-F6A1-4A16-A703-AADABEE00953}.Debug|x64.Build.0 = Debug|Any CPU
		{2AE0EBA8-F6A1-4A16-A703-AADABEE00953}.Debug|x86.ActiveCfg = Debug|Any CPU
		{2AE0EBA8-F6A1-4A16-A703-AADABEE00953}.Debug|x86.Build.0 = Debug|Any CPU
		{2AE0EBA8-F6A1-4A16-A703-AADABEE00953}.Release|Any CPU.ActiveCfg = Release|Any CPU
		{2AE0EBA8-F6A1-4A16-A703-AADABEE00953}.Release|Any CPU.Build.0 = Release|Any CPU
		{2AE0EBA8-F6A1-4A16-A703-AADABEE00953}.Release|x64.ActiveCfg = Release|Any CPU
		{2AE0EBA8-F6A1-4A16-A703-AADABEE00953}.Release|x64.Build.0 = Release|Any CPU
		{2AE0EBA8-F6A1-4A16-A703-AADABEE00953}.Release|x86.ActiveCfg = Release|Any CPU
		{2AE0EBA8-F6A1-4A16-A703-AADABEE00953}.Release|x86.Build.0 = Release|Any CPU
	EndGlobalSection
	GlobalSection(SolutionProperties) = preSolution
		HideSolutionNode = FALSE
	EndGlobalSection
	GlobalSection(NestedProjects) = preSolution
		{11B36E74-30AE-49F0-A29E-A667810BB263} = {0AB3BF05-4346-4AA6-1389-037BE0695223}
		{6D8DC850-DB26-41E0-85C2-AC27E282D816} = {0AB3BF05-4346-4AA6-1389-037BE0695223}
		{2AE0EBA8-F6A1-4A16-A703-AADABEE00953} = {0824E597-F35E-4065-8941-BC0BF4A26485}
	EndGlobalSection
EndGlobal
